// !$*UTF8*$!
{
	archiveVersion = 1;
	classes = {
	};
	objectVersion = 50;
	objects = {

/* Begin PBXBuildFile section */
		DF47718621367B290018B4A1 /* AppDelegate.swift in Sources */ = {isa = PBXBuildFile; fileRef = DF47718521367B290018B4A1 /* AppDelegate.swift */; };
		DF47718821367B290018B4A1 /* FirstVC.swift in Sources */ = {isa = PBXBuildFile; fileRef = DF47718721367B290018B4A1 /* FirstVC.swift */; };
		DF47718B21367B290018B4A1 /* Main.storyboard in Resources */ = {isa = PBXBuildFile; fileRef = DF47718921367B290018B4A1 /* Main.storyboard */; };
		DF47718D21367B2A0018B4A1 /* Assets.xcassets in Resources */ = {isa = PBXBuildFile; fileRef = DF47718C21367B2A0018B4A1 /* Assets.xcassets */; };
		DF47719021367B2A0018B4A1 /* LaunchScreen.storyboard in Resources */ = {isa = PBXBuildFile; fileRef = DF47718E21367B2A0018B4A1 /* LaunchScreen.storyboard */; };
		DF47719821368ED00018B4A1 /* Tablecell.swift in Sources */ = {isa = PBXBuildFile; fileRef = DF47719721368ED00018B4A1 /* Tablecell.swift */; };
		DF47719A21368F1B0018B4A1 /* TableObject.swift in Sources */ = {isa = PBXBuildFile; fileRef = DF47719921368F1B0018B4A1 /* TableObject.swift */; };
		DF4771A02136AB720018B4A1 /* SecondVC.swift in Sources */ = {isa = PBXBuildFile; fileRef = DF47719F2136AB720018B4A1 /* SecondVC.swift */; };
		DF4771A22136BDC70018B4A1 /* got.jpeg in Resources */ = {isa = PBXBuildFile; fileRef = DF4771A12136BDC70018B4A1 /* got.jpeg */; };
		DF4C8BA12138F71800E0CFE9 /* CustomCell.swift in Sources */ = {isa = PBXBuildFile; fileRef = DF4C8BA02138F71800E0CFE9 /* CustomCell.swift */; };
		DF4C8BA32138FA2200E0CFE9 /* OneCellCollectionViewCell.swift in Sources */ = {isa = PBXBuildFile; fileRef = DF4C8BA22138FA2200E0CFE9 /* OneCellCollectionViewCell.swift */; };
		DF4C8BA52139367E00E0CFE9 /* scroll.jpg in Resources */ = {isa = PBXBuildFile; fileRef = DF4C8BA42139367E00E0CFE9 /* scroll.jpg */; };
		DF4C8BA721393D1400E0CFE9 /* ScrollImageVC.swift in Sources */ = {isa = PBXBuildFile; fileRef = DF4C8BA621393D1400E0CFE9 /* ScrollImageVC.swift */; };
		DFA0795D21383AF2004501A0 /* CollectionView.swift in Sources */ = {isa = PBXBuildFile; fileRef = DFA0795C21383AF2004501A0 /* CollectionView.swift */; };
/* End PBXBuildFile section */

/* Begin PBXFileReference section */
		DF47718221367B290018B4A1 /* Displaytable.app */ = {isa = PBXFileReference; explicitFileType = wrapper.application; includeInIndex = 0; path = Displaytable.app; sourceTree = BUILT_PRODUCTS_DIR; };
		DF47718521367B290018B4A1 /* AppDelegate.swift */ = {isa = PBXFileReference; lastKnownFileType = sourcecode.swift; path = AppDelegate.swift; sourceTree = "<group>"; };
		DF47718721367B290018B4A1 /* FirstVC.swift */ = {isa = PBXFileReference; lastKnownFileType = sourcecode.swift; path = FirstVC.swift; sourceTree = "<group>"; };
		DF47718A21367B290018B4A1 /* Base */ = {isa = PBXFileReference; lastKnownFileType = file.storyboard; name = Base; path = Base.lproj/Main.storyboard; sourceTree = "<group>"; };
		DF47718C21367B2A0018B4A1 /* Assets.xcassets */ = {isa = PBXFileReference; lastKnownFileType = folder.assetcatalog; path = Assets.xcassets; sourceTree = "<group>"; };
		DF47718F21367B2A0018B4A1 /* Base */ = {isa = PBXFileReference; lastKnownFileType = file.storyboard; name = Base; path = Base.lproj/LaunchScreen.storyboard; sourceTree = "<group>"; };
		DF47719121367B2A0018B4A1 /* Info.plist */ = {isa = PBXFileReference; lastKnownFileType = text.plist.xml; path = Info.plist; sourceTree = "<group>"; };
		DF47719721368ED00018B4A1 /* Tablecell.swift */ = {isa = PBXFileReference; lastKnownFileType = sourcecode.swift; path = Tablecell.swift; sourceTree = "<group>"; };
		DF47719921368F1B0018B4A1 /* TableObject.swift */ = {isa = PBXFileReference; lastKnownFileType = sourcecode.swift; path = TableObject.swift; sourceTree = "<group>"; };
		DF47719F2136AB720018B4A1 /* SecondVC.swift */ = {isa = PBXFileReference; lastKnownFileType = sourcecode.swift; path = SecondVC.swift; sourceTree = "<group>"; };
		DF4771A12136BDC70018B4A1 /* got.jpeg */ = {isa = PBXFileReference; lastKnownFileType = image.jpeg; name = got.jpeg; path = ../../../../Downloads/got.jpeg; sourceTree = "<group>"; };
		DF4C8BA02138F71800E0CFE9 /* CustomCell.swift */ = {isa = PBXFileReference; lastKnownFileType = sourcecode.swift; path = CustomCell.swift; sourceTree = "<group>"; };
		DF4C8BA22138FA2200E0CFE9 /* OneCellCollectionViewCell.swift */ = {isa = PBXFileReference; lastKnownFileType = sourcecode.swift; path = OneCellCollectionViewCell.swift; sourceTree = "<group>"; };
		DF4C8BA42139367E00E0CFE9 /* scroll.jpg */ = {isa = PBXFileReference; lastKnownFileType = image.jpeg; name = scroll.jpg; path = ../../../../Downloads/scroll.jpg; sourceTree = "<group>"; };
		DF4C8BA621393D1400E0CFE9 /* ScrollImageVC.swift */ = {isa = PBXFileReference; lastKnownFileType = sourcecode.swift; path = ScrollImageVC.swift; sourceTree = "<group>"; };
		DFA0795C21383AF2004501A0 /* CollectionView.swift */ = {isa = PBXFileReference; lastKnownFileType = sourcecode.swift; path = CollectionView.swift; sourceTree = "<group>"; };
/* End PBXFileReference section */

/* Begin PBXFrameworksBuildPhase section */
		DF47717F21367B290018B4A1 /* Frameworks */ = {
			isa = PBXFrameworksBuildPhase;
			buildActionMask = 2147483647;
			files = (
			);
			runOnlyForDeploymentPostprocessing = 0;
		};
/* End PBXFrameworksBuildPhase section */

/* Begin PBXGroup section */
		DF47717921367B290018B4A1 = {
			isa = PBXGroup;
			children = (
				DF47718421367B290018B4A1 /* Displaytable */,
				DF47718321367B290018B4A1 /* Products */,
			);
			sourceTree = "<group>";
		};
		DF47718321367B290018B4A1 /* Products */ = {
			isa = PBXGroup;
			children = (
				DF47718221367B290018B4A1 /* Displaytable.app */,
			);
			name = Products;
			sourceTree = "<group>";
		};
		DF47718421367B290018B4A1 /* Displaytable */ = {
			isa = PBXGroup;
			children = (
				DF47718521367B290018B4A1 /* AppDelegate.swift */,
				DF47718721367B290018B4A1 /* FirstVC.swift */,
				DFA0795C21383AF2004501A0 /* CollectionView.swift */,
				DF4C8BA22138FA2200E0CFE9 /* OneCellCollectionViewCell.swift */,
				DF47719F2136AB720018B4A1 /* SecondVC.swift */,
				DF47718921367B290018B4A1 /* Main.storyboard */,
				DF4C8BA621393D1400E0CFE9 /* ScrollImageVC.swift */,
				DF4C8BA02138F71800E0CFE9 /* CustomCell.swift */,
				DF47719921368F1B0018B4A1 /* TableObject.swift */,
				DF47719721368ED00018B4A1 /* Tablecell.swift */,
				DF4771A12136BDC70018B4A1 /* got.jpeg */,
				DF4C8BA42139367E00E0CFE9 /* scroll.jpg */,
				DF47718C21367B2A0018B4A1 /* Assets.xcassets */,
				DF47718E21367B2A0018B4A1 /* LaunchScreen.storyboard */,
				DF47719121367B2A0018B4A1 /* Info.plist */,
			);
			path = Displaytable;
			sourceTree = "<group>";
		};
/* End PBXGroup section */

/* Begin PBXNativeTarget section */
		DF47718121367B290018B4A1 /* Displaytable */ = {
			isa = PBXNativeTarget;
			buildConfigurationList = DF47719421367B2A0018B4A1 /* Build configuration list for PBXNativeTarget "Displaytable" */;
			buildPhases = (
				DF47717E21367B290018B4A1 /* Sources */,
				DF47717F21367B290018B4A1 /* Frameworks */,
				DF47718021367B290018B4A1 /* Resources */,
			);
			buildRules = (
			);
			dependencies = (
			);
			name = Displaytable;
			productName = Displaytable;
			productReference = DF47718221367B290018B4A1 /* Displaytable.app */;
			productType = "com.apple.product-type.application";
		};
/* End PBXNativeTarget section */

/* Begin PBXProject section */
		DF47717A21367B290018B4A1 /* Project object */ = {
			isa = PBXProject;
			attributes = {
				LastSwiftUpdateCheck = 0940;
				LastUpgradeCheck = 0940;
				ORGANIZATIONNAME = Vikhyath;
				TargetAttributes = {
					DF47718121367B290018B4A1 = {
						CreatedOnToolsVersion = 9.4.1;
					};
				};
			};
			buildConfigurationList = DF47717D21367B290018B4A1 /* Build configuration list for PBXProject "Displaytable" */;
			compatibilityVersion = "Xcode 9.3";
			developmentRegion = en;
			hasScannedForEncodings = 0;
			knownRegions = (
				en,
				Base,
			);
			mainGroup = DF47717921367B290018B4A1;
			productRefGroup = DF47718321367B290018B4A1 /* Products */;
			projectDirPath = "";
			projectRoot = "";
			targets = (
				DF47718121367B290018B4A1 /* Displaytable */,
			);
		};
/* End PBXProject section */

/* Begin PBXResourcesBuildPhase section */
		DF47718021367B290018B4A1 /* Resources */ = {
			isa = PBXResourcesBuildPhase;
			buildActionMask = 2147483647;
			files = (
				DF47719021367B2A0018B4A1 /* LaunchScreen.storyboard in Resources */,
				DF4C8BA52139367E00E0CFE9 /* scroll.jpg in Resources */,
				DF47718D21367B2A0018B4A1 /* Assets.xcassets in Resources */,
				DF4771A22136BDC70018B4A1 /* got.jpeg in Resources */,
				DF47718B21367B290018B4A1 /* Main.storyboard in Resources */,
			);
			runOnlyForDeploymentPostprocessing = 0;
		};
/* End PBXResourcesBuildPhase section */

/* Begin PBXSourcesBuildPhase section */
		DF47717E21367B290018B4A1 /* Sources */ = {
			isa = PBXSourcesBuildPhase;
			buildActionMask = 2147483647;
			files = (
				DFA0795D21383AF2004501A0 /* CollectionView.swift in Sources */,
				DF4C8BA721393D1400E0CFE9 /* ScrollImageVC.swift in Sources */,
				DF47719821368ED00018B4A1 /* Tablecell.swift in Sources */,
				DF4C8BA12138F71800E0CFE9 /* CustomCell.swift in Sources */,
				DF4C8BA32138FA2200E0CFE9 /* OneCellCollectionViewCell.swift in Sources */,
				DF47718821367B290018B4A1 /* FirstVC.swift in Sources */,
				DF47718621367B290018B4A1 /* AppDelegate.swift in Sources */,
				DF4771A02136AB720018B4A1 /* SecondVC.swift in Sources */,
				DF47719A21368F1B0018B4A1 /* TableObject.swift in Sources */,
			);
			runOnlyForDeploymentPostprocessing = 0;
		};
/* End PBXSourcesBuildPhase section */

/* Begin PBXVariantGroup section */
		DF47718921367B290018B4A1 /* Main.storyboard */ = {
			isa = PBXVariantGroup;
			children = (
				DF47718A21367B290018B4A1 /* Base */,
			);
			name = Main.storyboard;
			sourceTree = "<group>";
		};
		DF47718E21367B2A0018B4A1 /* LaunchScreen.storyboard */ = {
			isa = PBXVariantGroup;
			children = (
				DF47718F21367B2A0018B4A1 /* Base */,
			);
			name = LaunchScreen.storyboard;
			sourceTree = "<group>";
		};
/* End PBXVariantGroup section */

/* Begin XCBuildConfiguration section */
		DF47719221367B2A0018B4A1 /* Debug */ = {
			isa = XCBuildConfiguration;
			buildSettings = {
				ALWAYS_SEARCH_USER_PATHS = NO;
				CLANG_ANALYZER_NONNULL = YES;
				CLANG_ANALYZER_NUMBER_OBJECT_CONVERSION = YES_AGGRESSIVE;
				CLANG_CXX_LANGUAGE_STANDARD = "gnu++14";
				CLANG_CXX_LIBRARY = "libc++";
				CLANG_ENABLE_MODULES = YES;
				CLANG_ENABLE_OBJC_ARC = YES;
				CLANG_ENABLE_OBJC_WEAK = YES;
				CLANG_WARN_BLOCK_CAPTURE_AUTORELEASING = YES;
				CLANG_WARN_BOOL_CONVERSION = YES;
				CLANG_WARN_COMMA = YES;
				CLANG_WARN_CONSTANT_CONVERSION = YES;
				CLANG_WARN_DEPRECATED_OBJC_IMPLEMENTATIONS = YES;
				CLANG_WARN_DIRECT_OBJC_ISA_USAGE = YES_ERROR;
				CLANG_WARN_DOCUMENTATION_COMMENTS = YES;
				CLANG_WARN_EMPTY_BODY = YES;
				CLANG_WARN_ENUM_CONVERSION = YES;
				CLANG_WARN_INFINITE_RECURSION = YES;
				CLANG_WARN_INT_CONVERSION = YES;
				CLANG_WARN_NON_LITERAL_NULL_CONVERSION = YES;
				CLANG_WARN_OBJC_IMPLICIT_RETAIN_SELF = YES;
				CLANG_WARN_OBJC_LITERAL_CONVERSION = YES;
				CLANG_WARN_OBJC_ROOT_CLASS = YES_ERROR;
				CLANG_WARN_RANGE_LOOP_ANALYSIS = YES;
				CLANG_WARN_STRICT_PROTOTYPES = YES;
				CLANG_WARN_SUSPICIOUS_MOVE = YES;
				CLANG_WARN_UNGUARDED_AVAILABILITY = YES_AGGRESSIVE;
				CLANG_WARN_UNREACHABLE_CODE = YES;
				CLANG_WARN__DUPLICATE_METHOD_MATCH = YES;
				CODE_SIGN_IDENTITY = "iPhone Developer";
				COPY_PHASE_STRIP = NO;
				DEBUG_INFORMATION_FORMAT = dwarf;
				ENABLE_STRICT_OBJC_MSGSEND = YES;
				ENABLE_TESTABILITY = YES;
				GCC_C_LANGUAGE_STANDARD = gnu11;
				GCC_DYNAMIC_NO_PIC = NO;
				GCC_NO_COMMON_BLOCKS = YES;
				GCC_OPTIMIZATION_LEVEL = 0;
				GCC_PREPROCESSOR_DEFINITIONS = (
					"DEBUG=1",
					"$(inherited)",
				);
				GCC_WARN_64_TO_32_BIT_CONVERSION = YES;
				GCC_WARN_ABOUT_RETURN_TYPE = YES_ERROR;
				GCC_WARN_UNDECLARED_SELECTOR = YES;
				GCC_WARN_UNINITIALIZED_AUTOS = YES_AGGRESSIVE;
				GCC_WARN_UNUSED_FUNCTION = YES;
				GCC_WARN_UNUSED_VARIABLE = YES;
				IPHONEOS_DEPLOYMENT_TARGET = 11.4;
				MTL_ENABLE_DEBUG_INFO = YES;
				ONLY_ACTIVE_ARCH = YES;
				SDKROOT = iphoneos;
				SWIFT_ACTIVE_COMPILATION_CONDITIONS = DEBUG;
				SWIFT_OPTIMIZATION_LEVEL = "-Onone";
			};
			name = Debug;
		};
		DF47719321367B2A0018B4A1 /* Release */ = {
			isa = XCBuildConfiguration;
			buildSettings = {
				ALWAYS_SEARCH_USER_PATHS = NO;
				CLANG_ANALYZER_NONNULL = YES;
				CLANG_ANALYZER_NUMBER_OBJECT_CONVERSION = YES_AGGRESSIVE;
				CLANG_CXX_LANGUAGE_STANDARD = "gnu++14";
				CLANG_CXX_LIBRARY = "libc++";
				CLANG_ENABLE_MODULES = YES;
				CLANG_ENABLE_OBJC_ARC = YES;
				CLANG_ENABLE_OBJC_WEAK = YES;
				CLANG_WARN_BLOCK_CAPTURE_AUTORELEASING = YES;
				CLANG_WARN_BOOL_CONVERSION = YES;
				CLANG_WARN_COMMA = YES;
				CLANG_WARN_CONSTANT_CONVERSION = YES;
				CLANG_WARN_DEPRECATED_OBJC_IMPLEMENTATIONS = YES;
				CLANG_WARN_DIRECT_OBJC_ISA_USAGE = YES_ERROR;
				CLANG_WARN_DOCUMENTATION_COMMENTS = YES;
				CLANG_WARN_EMPTY_BODY = YES;
				CLANG_WARN_ENUM_CONVERSION = YES;
				CLANG_WARN_INFINITE_RECURSION = YES;
				CLANG_WARN_INT_CONVERSION = YES;
				CLANG_WARN_NON_LITERAL_NULL_CONVERSION = YES;
				CLANG_WARN_OBJC_IMPLICIT_RETAIN_SELF = YES;
				CLANG_WARN_OBJC_LITERAL_CONVERSION = YES;
				CLANG_WARN_OBJC_ROOT_CLASS = YES_ERROR;
				CLANG_WARN_RANGE_LOOP_ANALYSIS = YES;
				CLANG_WARN_STRICT_PROTOTYPES = YES;
				CLANG_WARN_SUSPICIOUS_MOVE = YES;
				CLANG_WARN_UNGUARDED_AVAILABILITY = YES_AGGRESSIVE;
				CLANG_WARN_UNREACHABLE_CODE = YES;
				CLANG_WARN__DUPLICATE_METHOD_MATCH = YES;
				CODE_SIGN_IDENTITY = "iPhone Developer";
				COPY_PHASE_STRIP = NO;
				DEBUG_INFORMATION_FORMAT = "dwarf-with-dsym";
				ENABLE_NS_ASSERTIONS = NO;
				ENABLE_STRICT_OBJC_MSGSEND = YES;
				GCC_C_LANGUAGE_STANDARD = gnu11;
				GCC_NO_COMMON_BLOCKS = YES;
				GCC_WARN_64_TO_32_BIT_CONVERSION = YES;
				GCC_WARN_ABOUT_RETURN_TYPE = YES_ERROR;
				GCC_WARN_UNDECLARED_SELECTOR = YES;
				GCC_WARN_UNINITIALIZED_AUTOS = YES_AGGRESSIVE;
				GCC_WARN_UNUSED_FUNCTION = YES;
				GCC_WARN_UNUSED_VARIABLE = YES;
				IPHONEOS_DEPLOYMENT_TARGET = 11.4;
				MTL_ENABLE_DEBUG_INFO = NO;
				SDKROOT = iphoneos;
				SWIFT_COMPILATION_MODE = wholemodule;
				SWIFT_OPTIMIZATION_LEVEL = "-O";
				VALIDATE_PRODUCT = YES;
			};
			name = Release;
		};
		DF47719521367B2A0018B4A1 /* Debug */ = {
			isa = XCBuildConfiguration;
			buildSettings = {
				ASSETCATALOG_COMPILER_APPICON_NAME = AppIcon;
				CODE_SIGN_STYLE = Automatic;
				INFOPLIST_FILE = Displaytable/Info.plist;
				LD_RUNPATH_SEARCH_PATHS = (
					"$(inherited)",
					"@executable_path/Frameworks",
				);
				PRODUCT_BUNDLE_IDENTIFIER = Ymedia.Displaytable;
				PRODUCT_NAME = "$(TARGET_NAME)";
				SWIFT_VERSION = 4.0;
				TARGETED_DEVICE_FAMILY = "1,2";
			};
			name = Debug;
		};
		DF47719621367B2A0018B4A1 /* Release */ = {
			isa = XCBuildConfiguration;
			buildSettings = {
				ASSETCATALOG_COMPILER_APPICON_NAME = AppIcon;
				CODE_SIGN_STYLE = Automatic;
				INFOPLIST_FILE = Displaytable/Info.plist;
				LD_RUNPATH_SEARCH_PATHS = (
					"$(inherited)",
					"@executable_path/Frameworks",
				);
				PRODUCT_BUNDLE_IDENTIFIER = Ymedia.Displaytable;
				PRODUCT_NAME = "$(TARGET_NAME)";
				SWIFT_VERSION = 4.0;
				TARGETED_DEVICE_FAMILY = "1,2";
			};
			name = Release;
		};
/* End XCBuildConfiguration section */

/* Begin XCConfigurationList section */
		DF47717D21367B290018B4A1 /* Build configuration list for PBXProject "Displaytable" */ = {
			isa = XCConfigurationList;
			buildConfigurations = (
				DF47719221367B2A0018B4A1 /* Debug */,
				DF47719321367B2A0018B4A1 /* Release */,
			);
			defaultConfigurationIsVisible = 0;
			defaultConfigurationName = Release;
		};
		DF47719421367B2A0018B4A1 /* Build configuration list for PBXNativeTarget "Displaytable" */ = {
			isa = XCConfigurationList;
			buildConfigurations = (
				DF47719521367B2A0018B4A1 /* Debug */,
				DF47719621367B2A0018B4A1 /* Release */,
			);
			defaultConfigurationIsVisible = 0;
			defaultConfigurationName = Release;
		};
/* End XCConfigurationList section */
	};
	rootObject = DF47717A21367B290018B4A1 /* Project object */;
}
